
Microsoft Visual Studio Solution File, Format Version 12.00
# Visual Studio Version 17
VisualStudioVersion = 17.5.33414.496
MinimumVisualStudioVersion = 10.0.40219.1
Project("{FAE04EC0-301F-11D3-BF4B-00C04F79EFBC}") = "IDE_Parts_Chrome_Inspector", "IDE_Parts_Chrome_Inspector\IDE_Parts_Chrome_Inspector.csproj", "{48768F1D-A104-456C-B938-6FED3F99898C}"
EndProject
Global
	GlobalSection(SolutionConfigurationPlatforms) = preSolution
		Debug|Any CPU = Debug|Any CPU
		Release|Any CPU = Release|Any CPU
	EndGlobalSection
	GlobalSection(ProjectConfigurationPlatforms) = postSolution
		{48768F1D-A104-456C-B938-6FED3F99898C}.Debug|Any CPU.ActiveCfg = Debug|Any CPU
		{48768F1D-A104-456C-B938-6FED3F99898C}.Debug|Any CPU.Build.0 = Debug|Any CPU
		{48768F1D-A104-456C-B938-6FED3F99898C}.Release|Any CPU.ActiveCfg = Release|Any CPU
		{48768F1D-A104-456C-B938-6FED3F99898C}.Release|Any CPU.Build.0 = Release|Any CPU
	EndGlobalSection
	GlobalSection(SolutionProperties) = preSolution
		HideSolutionNode = FALSE
	EndGlobalSection
	GlobalSection(ExtensibilityGlobals) = postSolution
		SolutionGuid = {9C9DDD0A-3024-4F99-A789-8E2F16607EE5}
	EndGlobalSection
EndGlobal
